
Microsoft Visual Studio Solution File, Format Version 12.00
# Visual Studio Version 17
VisualStudioVersion = 17.14.36221.1
MinimumVisualStudioVersion = 10.0.40219.1
Project("{2150E333-8FDC-42A3-9474-1A3956D46DE8}") = "Creational", "Creational", "{02EA681E-C7D8-13C7-8484-4AC65E1B71E8}"
EndProject
Project("{2150E333-8FDC-42A3-9474-1A3956D46DE8}") = "Structural", "Structural", "{6C8A93A6-A610-4C0C-AE71-A7A2A57CF426}"
EndProject
Project("{2150E333-8FDC-42A3-9474-1A3956D46DE8}") = "Behavioral", "Behavioral", "{7E8D9B0A-038E-4743-861A-6E3B77910FC1}"
EndProject
Project("{2150E333-8FDC-42A3-9474-1A3956D46DE8}") = "BuilderPattern", "BuilderPattern", "{E6831863-3018-4B07-9E94-55B6BFE3B331}"
EndProject
Project("{2150E333-8FDC-42A3-9474-1A3956D46DE8}") = "StrategyPattern", "StrategyPattern", "{185BD6CF-BA8C-405D-BEA6-9739F8249A91}"
EndProject
Project("{FAE04EC0-301F-11D3-BF4B-00C04F79EFBC}") = "StrategyPatternExample", "StrategyPatternExample\StrategyPatternExample.csproj", "{B315E6DD-44A2-4565-ADFC-961FEB9BDC6A}"
EndProject
Project("{FAE04EC0-301F-11D3-BF4B-00C04F79EFBC}") = "BuilderPatternExample", "BuilderPatternExample\BuilderPatternExample.csproj", "{051B58E8-5D0B-4711-8827-4A5CAA3852D8}"
EndProject
Project("{FAE04EC0-301F-11D3-BF4B-00C04F79EFBC}") = "DecoratorPatternExample", "DecoratorPatternExample\DecoratorPatternExample.csproj", "{0ECB2C99-0819-4976-ACAA-B2F1DD30CD15}"
EndProject
Project("{2150E333-8FDC-42A3-9474-1A3956D46DE8}") = "DecoratorPattern", "DecoratorPattern", "{05A827AF-D03F-42EB-91F9-6868B3370F96}"
EndProject
Project("{2150E333-8FDC-42A3-9474-1A3956D46DE8}") = "ProxyPattern", "ProxyPattern", "{BF92C981-2400-444F-A673-BCB7CE147497}"
EndProject
Project("{FAE04EC0-301F-11D3-BF4B-00C04F79EFBC}") = "ProxyPatternExample", "ProxyPatternExample\ProxyPatternExample.csproj", "{DAB3A5D1-E2CB-4E26-ACE5-E3EA9833ACF9}"
EndProject
Project("{2150E333-8FDC-42A3-9474-1A3956D46DE8}") = "FactoryMethodPattern", "FactoryMethodPattern", "{EEBA5A4B-FCBC-465F-940C-40D1DF9D0219}"
EndProject
Project("{FAE04EC0-301F-11D3-BF4B-00C04F79EFBC}") = "FactoryMethodPatternExample", "FactoryMethodPatternExample\FactoryMethodPatternExample.csproj", "{5FE48B0F-782F-4E95-898B-50D11A44E532}"
EndProject
Project("{2150E333-8FDC-42A3-9474-1A3956D46DE8}") = "ObserverPattern", "ObserverPattern", "{4C703070-35FD-48D7-8849-58920E651A0A}"
EndProject
Project("{FAE04EC0-301F-11D3-BF4B-00C04F79EFBC}") = "ObserverPatternExample", "ObserverPatternExample\ObserverPatternExample.csproj", "{AFA17081-79BE-46C8-98DD-BEF576282771}"
EndProject
Global
	GlobalSection(SolutionConfigurationPlatforms) = preSolution
		Debug|Any CPU = Debug|Any CPU
		Release|Any CPU = Release|Any CPU
	EndGlobalSection
	GlobalSection(ProjectConfigurationPlatforms) = postSolution
		{B315E6DD-44A2-4565-ADFC-961FEB9BDC6A}.Debug|Any CPU.ActiveCfg = Debug|Any CPU
		{B315E6DD-44A2-4565-ADFC-961FEB9BDC6A}.Debug|Any CPU.Build.0 = Debug|Any CPU
		{B315E6DD-44A2-4565-ADFC-961FEB9BDC6A}.Release|Any CPU.ActiveCfg = Release|Any CPU
		{B315E6DD-44A2-4565-ADFC-961FEB9BDC6A}.Release|Any CPU.Build.0 = Release|Any CPU
		{051B58E8-5D0B-4711-8827-4A5CAA3852D8}.Debug|Any CPU.ActiveCfg = Debug|Any CPU
		{051B58E8-5D0B-4711-8827-4A5CAA3852D8}.Debug|Any CPU.Build.0 = Debug|Any CPU
		{051B58E8-5D0B-4711-8827-4A5CAA3852D8}.Release|Any CPU.ActiveCfg = Release|Any CPU
		{051B58E8-5D0B-4711-8827-4A5CAA3852D8}.Release|Any CPU.Build.0 = Release|Any CPU
		{0ECB2C99-0819-4976-ACAA-B2F1DD30CD15}.Debug|Any CPU.ActiveCfg = Debug|Any CPU
		{0ECB2C99-0819-4976-ACAA-B2F1DD30CD15}.Debug|Any CPU.Build.0 = Debug|Any CPU
		{0ECB2C99-0819-4976-ACAA-B2F1DD30CD15}.Release|Any CPU.ActiveCfg = Release|Any CPU
		{0ECB2C99-0819-4976-ACAA-B2F1DD30CD15}.Release|Any CPU.Build.0 = Release|Any CPU
		{DAB3A5D1-E2CB-4E26-ACE5-E3EA9833ACF9}.Debug|Any CPU.ActiveCfg = Debug|Any CPU
		{DAB3A5D1-E2CB-4E26-ACE5-E3EA9833ACF9}.Debug|Any CPU.Build.0 = Debug|Any CPU
		{DAB3A5D1-E2CB-4E26-ACE5-E3EA9833ACF9}.Release|Any CPU.ActiveCfg = Release|Any CPU
		{DAB3A5D1-E2CB-4E26-ACE5-E3EA9833ACF9}.Release|Any CPU.Build.0 = Release|Any CPU
		{5FE48B0F-782F-4E95-898B-50D11A44E532}.Debug|Any CPU.ActiveCfg = Debug|Any CPU
		{5FE48B0F-782F-4E95-898B-50D11A44E532}.Debug|Any CPU.Build.0 = Debug|Any CPU
		{5FE48B0F-782F-4E95-898B-50D11A44E532}.Release|Any CPU.ActiveCfg = Release|Any CPU
		{5FE48B0F-782F-4E95-898B-50D11A44E532}.Release|Any CPU.Build.0 = Release|Any CPU
		{AFA17081-79BE-46C8-98DD-BEF576282771}.Debug|Any CPU.ActiveCfg = Debug|Any CPU
		{AFA17081-79BE-46C8-98DD-BEF576282771}.Debug|Any CPU.Build.0 = Debug|Any CPU
		{AFA17081-79BE-46C8-98DD-BEF576282771}.Release|Any CPU.ActiveCfg = Release|Any CPU
		{AFA17081-79BE-46C8-98DD-BEF576282771}.Release|Any CPU.Build.0 = Release|Any CPU
	EndGlobalSection
	GlobalSection(SolutionProperties) = preSolution
		HideSolutionNode = FALSE
	EndGlobalSection
	GlobalSection(NestedProjects) = preSolution
		{E6831863-3018-4B07-9E94-55B6BFE3B331} = {02EA681E-C7D8-13C7-8484-4AC65E1B71E8}
		{185BD6CF-BA8C-405D-BEA6-9739F8249A91} = {7E8D9B0A-038E-4743-861A-6E3B77910FC1}
		{B315E6DD-44A2-4565-ADFC-961FEB9BDC6A} = {185BD6CF-BA8C-405D-BEA6-9739F8249A91}
		{051B58E8-5D0B-4711-8827-4A5CAA3852D8} = {E6831863-3018-4B07-9E94-55B6BFE3B331}
		{0ECB2C99-0819-4976-ACAA-B2F1DD30CD15} = {05A827AF-D03F-42EB-91F9-6868B3370F96}
		{05A827AF-D03F-42EB-91F9-6868B3370F96} = {6C8A93A6-A610-4C0C-AE71-A7A2A57CF426}
		{BF92C981-2400-444F-A673-BCB7CE147497} = {6C8A93A6-A610-4C0C-AE71-A7A2A57CF426}
		{DAB3A5D1-E2CB-4E26-ACE5-E3EA9833ACF9} = {BF92C981-2400-444F-A673-BCB7CE147497}
		{EEBA5A4B-FCBC-465F-940C-40D1DF9D0219} = {02EA681E-C7D8-13C7-8484-4AC65E1B71E8}
		{5FE48B0F-782F-4E95-898B-50D11A44E532} = {EEBA5A4B-FCBC-465F-940C-40D1DF9D0219}
		{4C703070-35FD-48D7-8849-58920E651A0A} = {7E8D9B0A-038E-4743-861A-6E3B77910FC1}
		{AFA17081-79BE-46C8-98DD-BEF576282771} = {4C703070-35FD-48D7-8849-58920E651A0A}
	EndGlobalSection
	GlobalSection(ExtensibilityGlobals) = postSolution
		SolutionGuid = {0D8A57C2-1F5C-4A93-8DF4-F9BD0825094C}
	EndGlobalSection
EndGlobal
